// !$*UTF8*$!
{
	archiveVersion = 1;
	classes = {
	};
	objectVersion = 50;
	objects = {

/* Begin PBXBuildFile section */
		1A79351D226B746C008FC1C7 /* AppDelegate.swift in Sources */ = {isa = PBXBuildFile; fileRef = 1A79351C226B746C008FC1C7 /* AppDelegate.swift */; };
		1A79351F226B746C008FC1C7 /* RecordAudioViewController.swift in Sources */ = {isa = PBXBuildFile; fileRef = 1A79351E226B746C008FC1C7 /* RecordAudioViewController.swift */; };
		1A793522226B746C008FC1C7 /* Main.storyboard in Resources */ = {isa = PBXBuildFile; fileRef = 1A793520226B746C008FC1C7 /* Main.storyboard */; };
		1A793524226B746F008FC1C7 /* Assets.xcassets in Resources */ = {isa = PBXBuildFile; fileRef = 1A793523226B746F008FC1C7 /* Assets.xcassets */; };
		1A793527226B746F008FC1C7 /* LaunchScreen.storyboard in Resources */ = {isa = PBXBuildFile; fileRef = 1A793525226B746F008FC1C7 /* LaunchScreen.storyboard */; };
		1A79352F226BDADA008FC1C7 /* PlayEffectsViewController.swift in Sources */ = {isa = PBXBuildFile; fileRef = 1A79352E226BDADA008FC1C7 /* PlayEffectsViewController.swift */; };
		1A793532226BF5A2008FC1C7 /* PlayEffectsViewController+Audio.swift in Sources */ = {isa = PBXBuildFile; fileRef = 1A793530226BF44C008FC1C7 /* PlayEffectsViewController+Audio.swift */; };
		1AEA1FE7226CEA3A0071E314 /* GoogleService-Info.plist in Resources */ = {isa = PBXBuildFile; fileRef = 1AEA1FE6226CEA3A0071E314 /* GoogleService-Info.plist */; };
		E5906AC4A311CF14DFEFF082 /* Pods_VoiceMorph.framework in Frameworks */ = {isa = PBXBuildFile; fileRef = DA7C9680A36E4CEAB08255EF /* Pods_VoiceMorph.framework */; };
/* End PBXBuildFile section */

/* Begin PBXFileReference section */
		00E2595934925D30AB68980C /* Pods-VoiceMorph.debug.xcconfig */ = {isa = PBXFileReference; includeInIndex = 1; lastKnownFileType = text.xcconfig; name = "Pods-VoiceMorph.debug.xcconfig"; path = "Target Support Files/Pods-VoiceMorph/Pods-VoiceMorph.debug.xcconfig"; sourceTree = "<group>"; };
		1A793519226B746C008FC1C7 /* VoiceMorph.app */ = {isa = PBXFileReference; explicitFileType = wrapper.application; includeInIndex = 0; path = VoiceMorph.app; sourceTree = BUILT_PRODUCTS_DIR; };
		1A79351C226B746C008FC1C7 /* AppDelegate.swift */ = {isa = PBXFileReference; lastKnownFileType = sourcecode.swift; path = AppDelegate.swift; sourceTree = "<group>"; };
		1A79351E226B746C008FC1C7 /* RecordAudioViewController.swift */ = {isa = PBXFileReference; lastKnownFileType = sourcecode.swift; path = RecordAudioViewController.swift; sourceTree = "<group>"; };
		1A793521226B746C008FC1C7 /* Base */ = {isa = PBXFileReference; lastKnownFileType = file.storyboard; name = Base; path = Base.lproj/Main.storyboard; sourceTree = "<group>"; };
		1A793523226B746F008FC1C7 /* Assets.xcassets */ = {isa = PBXFileReference; lastKnownFileType = folder.assetcatalog; path = Assets.xcassets; sourceTree = "<group>"; };
		1A793526226B746F008FC1C7 /* Base */ = {isa = PBXFileReference; lastKnownFileType = file.storyboard; name = Base; path = Base.lproj/LaunchScreen.storyboard; sourceTree = "<group>"; };
		1A793528226B746F008FC1C7 /* Info.plist */ = {isa = PBXFileReference; lastKnownFileType = text.plist.xml; path = Info.plist; sourceTree = "<group>"; };
		1A79352E226BDADA008FC1C7 /* PlayEffectsViewController.swift */ = {isa = PBXFileReference; lastKnownFileType = sourcecode.swift; path = PlayEffectsViewController.swift; sourceTree = "<group>"; };
		1A793530226BF44C008FC1C7 /* PlayEffectsViewController+Audio.swift */ = {isa = PBXFileReference; lastKnownFileType = sourcecode.swift; path = "PlayEffectsViewController+Audio.swift"; sourceTree = "<group>"; };
		1AEA1FE6226CEA3A0071E314 /* GoogleService-Info.plist */ = {isa = PBXFileReference; fileEncoding = 4; lastKnownFileType = text.plist.xml; path = "GoogleService-Info.plist"; sourceTree = "<group>"; };
		DA7C9680A36E4CEAB08255EF /* Pods_VoiceMorph.framework */ = {isa = PBXFileReference; explicitFileType = wrapper.framework; includeInIndex = 0; path = Pods_VoiceMorph.framework; sourceTree = BUILT_PRODUCTS_DIR; };
		FB5819907EA5DE317DCC2B75 /* Pods-VoiceMorph.release.xcconfig */ = {isa = PBXFileReference; includeInIndex = 1; lastKnownFileType = text.xcconfig; name = "Pods-VoiceMorph.release.xcconfig"; path = "Target Support Files/Pods-VoiceMorph/Pods-VoiceMorph.release.xcconfig"; sourceTree = "<group>"; };
/* End PBXFileReference section */

/* Begin PBXFrameworksBuildPhase section */
		1A793516226B746C008FC1C7 /* Frameworks */ = {
			isa = PBXFrameworksBuildPhase;
			buildActionMask = 2147483647;
			files = (
				E5906AC4A311CF14DFEFF082 /* Pods_VoiceMorph.framework in Frameworks */,
			);
			runOnlyForDeploymentPostprocessing = 0;
		};
/* End PBXFrameworksBuildPhase section */

/* Begin PBXGroup section */
		1A793510226B746C008FC1C7 = {
			isa = PBXGroup;
			children = (
				1A79351B226B746C008FC1C7 /* VoiceMorph */,
				1A79351A226B746C008FC1C7 /* Products */,
				A5DA031430EFDBA685841872 /* Pods */,
				531FEF519CE9E605EB838791 /* Frameworks */,
			);
			sourceTree = "<group>";
		};
		1A79351A226B746C008FC1C7 /* Products */ = {
			isa = PBXGroup;
			children = (
				1A793519226B746C008FC1C7 /* VoiceMorph.app */,
			);
			name = Products;
			sourceTree = "<group>";
		};
		1A79351B226B746C008FC1C7 /* VoiceMorph */ = {
			isa = PBXGroup;
			children = (
				1A79351C226B746C008FC1C7 /* AppDelegate.swift */,
				1A79351E226B746C008FC1C7 /* RecordAudioViewController.swift */,
				1A793520226B746C008FC1C7 /* Main.storyboard */,
				1A793523226B746F008FC1C7 /* Assets.xcassets */,
				1A793525226B746F008FC1C7 /* LaunchScreen.storyboard */,
				1A793528226B746F008FC1C7 /* Info.plist */,
				1A79352E226BDADA008FC1C7 /* PlayEffectsViewController.swift */,
				1A793530226BF44C008FC1C7 /* PlayEffectsViewController+Audio.swift */,
				1AEA1FE6226CEA3A0071E314 /* GoogleService-Info.plist */,
			);
			path = VoiceMorph;
			sourceTree = "<group>";
		};
		531FEF519CE9E605EB838791 /* Frameworks */ = {
			isa = PBXGroup;
			children = (
				DA7C9680A36E4CEAB08255EF /* Pods_VoiceMorph.framework */,
			);
			name = Frameworks;
			sourceTree = "<group>";
		};
		A5DA031430EFDBA685841872 /* Pods */ = {
			isa = PBXGroup;
			children = (
				00E2595934925D30AB68980C /* Pods-VoiceMorph.debug.xcconfig */,
				FB5819907EA5DE317DCC2B75 /* Pods-VoiceMorph.release.xcconfig */,
			);
			path = Pods;
			sourceTree = "<group>";
		};
/* End PBXGroup section */

/* Begin PBXNativeTarget section */
		1A793518226B746C008FC1C7 /* VoiceMorph */ = {
			isa = PBXNativeTarget;
			buildConfigurationList = 1A79352B226B746F008FC1C7 /* Build configuration list for PBXNativeTarget "VoiceMorph" */;
			buildPhases = (
				33AEF44D32FBFAD97E1E41E1 /* [CP] Check Pods Manifest.lock */,
				1A793515226B746C008FC1C7 /* Sources */,
				1A793516226B746C008FC1C7 /* Frameworks */,
				1A793517226B746C008FC1C7 /* Resources */,
				BED476B67485D083316095ED /* [CP] Embed Pods Frameworks */,
			);
			buildRules = (
			);
			dependencies = (
			);
			name = VoiceMorph;
			productName = VoiceMorph;
			productReference = 1A793519226B746C008FC1C7 /* VoiceMorph.app */;
			productType = "com.apple.product-type.application";
		};
/* End PBXNativeTarget section */

/* Begin PBXProject section */
		1A793511226B746C008FC1C7 /* Project object */ = {
			isa = PBXProject;
			attributes = {
				LastSwiftUpdateCheck = 1010;
				LastUpgradeCheck = 1010;
				ORGANIZATIONNAME = "Kishan Segu";
				TargetAttributes = {
					1A793518226B746C008FC1C7 = {
						CreatedOnToolsVersion = 10.1;
					};
				};
			};
			buildConfigurationList = 1A793514226B746C008FC1C7 /* Build configuration list for PBXProject "VoiceMorph" */;
			compatibilityVersion = "Xcode 9.3";
			developmentRegion = en;
			hasScannedForEncodings = 0;
			knownRegions = (
				en,
				Base,
			);
			mainGroup = 1A793510226B746C008FC1C7;
			productRefGroup = 1A79351A226B746C008FC1C7 /* Products */;
			projectDirPath = "";
			projectRoot = "";
			targets = (
				1A793518226B746C008FC1C7 /* VoiceMorph */,
			);
		};
/* End PBXProject section */

/* Begin PBXResourcesBuildPhase section */
		1A793517226B746C008FC1C7 /* Resources */ = {
			isa = PBXResourcesBuildPhase;
			buildActionMask = 2147483647;
			files = (
				1A793527226B746F008FC1C7 /* LaunchScreen.storyboard in Resources */,
				1AEA1FE7226CEA3A0071E314 /* GoogleService-Info.plist in Resources */,
				1A793524226B746F008FC1C7 /* Assets.xcassets in Resources */,
				1A793522226B746C008FC1C7 /* Main.storyboard in Resources */,
			);
			runOnlyForDeploymentPostprocessing = 0;
		};
/* End PBXResourcesBuildPhase section */

/* Begin PBXShellScriptBuildPhase section */
		33AEF44D32FBFAD97E1E41E1 /* [CP] Check Pods Manifest.lock */ = {
			isa = PBXShellScriptBuildPhase;
			buildActionMask = 2147483647;
			files = (
			);
			inputFileListPaths = (
			);
			inputPaths = (
				"${PODS_PODFILE_DIR_PATH}/Podfile.lock",
				"${PODS_ROOT}/Manifest.lock",
			);
			name = "[CP] Check Pods Manifest.lock";
			outputFileListPaths = (
			);
			outputPaths = (
				"$(DERIVED_FILE_DIR)/Pods-VoiceMorph-checkManifestLockResult.txt",
			);
			runOnlyForDeploymentPostprocessing = 0;
			shellPath = /bin/sh;
			shellScript = "diff \"${PODS_PODFILE_DIR_PATH}/Podfile.lock\" \"${PODS_ROOT}/Manifest.lock\" > /dev/null\nif [ $? != 0 ] ; then\n    # print error to STDERR\n    echo \"error: The sandbox is not in sync with the Podfile.lock. Run 'pod install' or update your CocoaPods installation.\" >&2\n    exit 1\nfi\n# This output is used by Xcode 'outputs' to avoid re-running this script phase.\necho \"SUCCESS\" > \"${SCRIPT_OUTPUT_FILE_0}\"\n";
			showEnvVarsInLog = 0;
		};
		BED476B67485D083316095ED /* [CP] Embed Pods Frameworks */ = {
			isa = PBXShellScriptBuildPhase;
			buildActionMask = 2147483647;
			files = (
			);
			inputFileListPaths = (
			);
			inputPaths = (
				"${PODS_ROOT}/Target Support Files/Pods-VoiceMorph/Pods-VoiceMorph-frameworks.sh",
				"${BUILT_PRODUCTS_DIR}/GTMSessionFetcher/GTMSessionFetcher.framework",
				"${BUILT_PRODUCTS_DIR}/GoogleUtilities/GoogleUtilities.framework",
				"${BUILT_PRODUCTS_DIR}/leveldb-library/leveldb.framework",
				"${BUILT_PRODUCTS_DIR}/nanopb/nanopb.framework",
			);
			name = "[CP] Embed Pods Frameworks";
			outputFileListPaths = (
			);
			outputPaths = (
				"${TARGET_BUILD_DIR}/${FRAMEWORKS_FOLDER_PATH}/GTMSessionFetcher.framework",
				"${TARGET_BUILD_DIR}/${FRAMEWORKS_FOLDER_PATH}/GoogleUtilities.framework",
				"${TARGET_BUILD_DIR}/${FRAMEWORKS_FOLDER_PATH}/leveldb.framework",
				"${TARGET_BUILD_DIR}/${FRAMEWORKS_FOLDER_PATH}/nanopb.framework",
			);
			runOnlyForDeploymentPostprocessing = 0;
			shellPath = /bin/sh;
			shellScript = "\"${PODS_ROOT}/Target Support Files/Pods-VoiceMorph/Pods-VoiceMorph-frameworks.sh\"\n";
			showEnvVarsInLog = 0;
		};
/* End PBXShellScriptBuildPhase section */

/* Begin PBXSourcesBuildPhase section */
		1A793515226B746C008FC1C7 /* Sources */ = {
			isa = PBXSourcesBuildPhase;
			buildActionMask = 2147483647;
			files = (
				1A79352F226BDADA008FC1C7 /* PlayEffectsViewController.swift in Sources */,
				1A793532226BF5A2008FC1C7 /* PlayEffectsViewController+Audio.swift in Sources */,
				1A79351F226B746C008FC1C7 /* RecordAudioViewController.swift in Sources */,
				1A79351D226B746C008FC1C7 /* AppDelegate.swift in Sources */,
			);
			runOnlyForDeploymentPostprocessing = 0;
		};
/* End PBXSourcesBuildPhase section */

/* Begin PBXVariantGroup section */
		1A793520226B746C008FC1C7 /* Main.storyboard */ = {
			isa = PBXVariantGroup;
			children = (
				1A793521226B746C008FC1C7 /* Base */,
			);
			name = Main.storyboard;
			sourceTree = "<group>";
		};
		1A793525226B746F008FC1C7 /* LaunchScreen.storyboard */ = {
			isa = PBXVariantGroup;
			children = (
				1A793526226B746F008FC1C7 /* Base */,
			);
			name = LaunchScreen.storyboard;
			sourceTree = "<group>";
		};
/* End PBXVariantGroup section */

/* Begin XCBuildConfiguration section */
		1A793529226B746F008FC1C7 /* Debug */ = {
			isa = XCBuildConfiguration;
			buildSettings = {
				ALWAYS_SEARCH_USER_PATHS = NO;
				CLANG_ANALYZER_NONNULL = YES;
				CLANG_ANALYZER_NUMBER_OBJECT_CONVERSION = YES_AGGRESSIVE;
				CLANG_CXX_LANGUAGE_STANDARD = "gnu++14";
				CLANG_CXX_LIBRARY = "libc++";
				CLANG_ENABLE_MODULES = YES;
				CLANG_ENABLE_OBJC_ARC = YES;
				CLANG_ENABLE_OBJC_WEAK = YES;
				CLANG_WARN_BLOCK_CAPTURE_AUTORELEASING = YES;
				CLANG_WARN_BOOL_CONVERSION = YES;
				CLANG_WARN_COMMA = YES;
				CLANG_WARN_CONSTANT_CONVERSION = YES;
				CLANG_WARN_DEPRECATED_OBJC_IMPLEMENTATIONS = YES;
				CLANG_WARN_DIRECT_OBJC_ISA_USAGE = YES_ERROR;
				CLANG_WARN_DOCUMENTATION_COMMENTS = YES;
				CLANG_WARN_EMPTY_BODY = YES;
				CLANG_WARN_ENUM_CONVERSION = YES;
				CLANG_WARN_INFINITE_RECURSION = YES;
				CLANG_WARN_INT_CONVERSION = YES;
				CLANG_WARN_NON_LITERAL_NULL_CONVERSION = YES;
				CLANG_WARN_OBJC_IMPLICIT_RETAIN_SELF = YES;
				CLANG_WARN_OBJC_LITERAL_CONVERSION = YES;
				CLANG_WARN_OBJC_ROOT_CLASS = YES_ERROR;
				CLANG_WARN_RANGE_LOOP_ANALYSIS = YES;
				CLANG_WARN_STRICT_PROTOTYPES = YES;
				CLANG_WARN_SUSPICIOUS_MOVE = YES;
				CLANG_WARN_UNGUARDED_AVAILABILITY = YES_AGGRESSIVE;
				CLANG_WARN_UNREACHABLE_CODE = YES;
				CLANG_WARN__DUPLICATE_METHOD_MATCH = YES;
				CODE_SIGN_IDENTITY = "iPhone Developer";
				COPY_PHASE_STRIP = NO;
				DEBUG_INFORMATION_FORMAT = dwarf;
				ENABLE_STRICT_OBJC_MSGSEND = YES;
				ENABLE_TESTABILITY = YES;
				GCC_C_LANGUAGE_STANDARD = gnu11;
				GCC_DYNAMIC_NO_PIC = NO;
				GCC_NO_COMMON_BLOCKS = YES;
				GCC_OPTIMIZATION_LEVEL = 0;
				GCC_PREPROCESSOR_DEFINITIONS = (
					"DEBUG=1",
					"$(inherited)",
				);
				GCC_WARN_64_TO_32_BIT_CONVERSION = YES;
				GCC_WARN_ABOUT_RETURN_TYPE = YES_ERROR;
				GCC_WARN_UNDECLARED_SELECTOR = YES;
				GCC_WARN_UNINITIALIZED_AUTOS = YES_AGGRESSIVE;
				GCC_WARN_UNUSED_FUNCTION = YES;
				GCC_WARN_UNUSED_VARIABLE = YES;
				IPHONEOS_DEPLOYMENT_TARGET = 12.1;
				MTL_ENABLE_DEBUG_INFO = INCLUDE_SOURCE;
				MTL_FAST_MATH = YES;
				ONLY_ACTIVE_ARCH = YES;
				SDKROOT = iphoneos;
				SWIFT_ACTIVE_COMPILATION_CONDITIONS = DEBUG;
				SWIFT_OPTIMIZATION_LEVEL = "-Onone";
			};
			name = Debug;
		};
		1A79352A226B746F008FC1C7 /* Release */ = {
			isa = XCBuildConfiguration;
			buildSettings = {
				ALWAYS_SEARCH_USER_PATHS = NO;
				CLANG_ANALYZER_NONNULL = YES;
				CLANG_ANALYZER_NUMBER_OBJECT_CONVERSION = YES_AGGRESSIVE;
				CLANG_CXX_LANGUAGE_STANDARD = "gnu++14";
				CLANG_CXX_LIBRARY = "libc++";
				CLANG_ENABLE_MODULES = YES;
				CLANG_ENABLE_OBJC_ARC = YES;
				CLANG_ENABLE_OBJC_WEAK = YES;
				CLANG_WARN_BLOCK_CAPTURE_AUTORELEASING = YES;
				CLANG_WARN_BOOL_CONVERSION = YES;
				CLANG_WARN_COMMA = YES;
				CLANG_WARN_CONSTANT_CONVERSION = YES;
				CLANG_WARN_DEPRECATED_OBJC_IMPLEMENTATIONS = YES;
				CLANG_WARN_DIRECT_OBJC_ISA_USAGE = YES_ERROR;
				CLANG_WARN_DOCUMENTATION_COMMENTS = YES;
				CLANG_WARN_EMPTY_BODY = YES;
				CLANG_WARN_ENUM_CONVERSION = YES;
				CLANG_WARN_INFINITE_RECURSION = YES;
				CLANG_WARN_INT_CONVERSION = YES;
				CLANG_WARN_NON_LITERAL_NULL_CONVERSION = YES;
				CLANG_WARN_OBJC_IMPLICIT_RETAIN_SELF = YES;
				CLANG_WARN_OBJC_LITERAL_CONVERSION = YES;
				CLANG_WARN_OBJC_ROOT_CLASS = YES_ERROR;
				CLANG_WARN_RANGE_LOOP_ANALYSIS = YES;
				CLANG_WARN_STRICT_PROTOTYPES = YES;
				CLANG_WARN_SUSPICIOUS_MOVE = YES;
				CLANG_WARN_UNGUARDED_AVAILABILITY = YES_AGGRESSIVE;
				CLANG_WARN_UNREACHABLE_CODE = YES;
				CLANG_WARN__DUPLICATE_METHOD_MATCH = YES;
				CODE_SIGN_IDENTITY = "iPhone Developer";
				COPY_PHASE_STRIP = NO;
				DEBUG_INFORMATION_FORMAT = "dwarf-with-dsym";
				ENABLE_NS_ASSERTIONS = NO;
				ENABLE_STRICT_OBJC_MSGSEND = YES;
				GCC_C_LANGUAGE_STANDARD = gnu11;
				GCC_NO_COMMON_BLOCKS = YES;
				GCC_WARN_64_TO_32_BIT_CONVERSION = YES;
				GCC_WARN_ABOUT_RETURN_TYPE = YES_ERROR;
				GCC_WARN_UNDECLARED_SELECTOR = YES;
				GCC_WARN_UNINITIALIZED_AUTOS = YES_AGGRESSIVE;
				GCC_WARN_UNUSED_FUNCTION = YES;
				GCC_WARN_UNUSED_VARIABLE = YES;
				IPHONEOS_DEPLOYMENT_TARGET = 12.1;
				MTL_ENABLE_DEBUG_INFO = NO;
				MTL_FAST_MATH = YES;
				SDKROOT = iphoneos;
				SWIFT_COMPILATION_MODE = wholemodule;
				SWIFT_OPTIMIZATION_LEVEL = "-O";
				VALIDATE_PRODUCT = YES;
			};
			name = Release;
		};
		1A79352C226B746F008FC1C7 /* Debug */ = {
			isa = XCBuildConfiguration;
			baseConfigurationReference = 00E2595934925D30AB68980C /* Pods-VoiceMorph.debug.xcconfig */;
			buildSettings = {
				ASSETCATALOG_COMPILER_APPICON_NAME = AppIcon;
				CODE_SIGN_STYLE = Automatic;
				DEVELOPMENT_TEAM = "";
				INFOPLIST_FILE = VoiceMorph/Info.plist;
				LD_RUNPATH_SEARCH_PATHS = (
					"$(inherited)",
					"@executable_path/Frameworks",
				);
				PRODUCT_BUNDLE_IDENTIFIER = edu.umd.segu.VoiceMorph;
				PRODUCT_NAME = "$(TARGET_NAME)";
				SWIFT_VERSION = 4.2;
				TARGETED_DEVICE_FAMILY = "1,2";
			};
			name = Debug;
		};
		1A79352D226B746F008FC1C7 /* Release */ = {
			isa = XCBuildConfiguration;
			baseConfigurationReference = FB5819907EA5DE317DCC2B75 /* Pods-VoiceMorph.release.xcconfig */;
			buildSettings = {
				ASSETCATALOG_COMPILER_APPICON_NAME = AppIcon;
				CODE_SIGN_STYLE = Automatic;
				DEVELOPMENT_TEAM = "";
				INFOPLIST_FILE = VoiceMorph/Info.plist;
				LD_RUNPATH_SEARCH_PATHS = (
					"$(inherited)",
					"@executable_path/Frameworks",
				);
				PRODUCT_BUNDLE_IDENTIFIER = edu.umd.segu.VoiceMorph;
				PRODUCT_NAME = "$(TARGET_NAME)";
				SWIFT_VERSION = 4.2;
				TARGETED_DEVICE_FAMILY = "1,2";
			};
			name = Release;
		};
/* End XCBuildConfiguration section */

/* Begin XCConfigurationList section */
		1A793514226B746C008FC1C7 /* Build configuration list for PBXProject "VoiceMorph" */ = {
			isa = XCConfigurationList;
			buildConfigurations = (
				1A793529226B746F008FC1C7 /* Debug */,
				1A79352A226B746F008FC1C7 /* Release */,
			);
			defaultConfigurationIsVisible = 0;
			defaultConfigurationName = Release;
		};
		1A79352B226B746F008FC1C7 /* Build configuration list for PBXNativeTarget "VoiceMorph" */ = {
			isa = XCConfigurationList;
			buildConfigurations = (
				1A79352C226B746F008FC1C7 /* Debug */,
				1A79352D226B746F008FC1C7 /* Release */,
			);
			defaultConfigurationIsVisible = 0;
			defaultConfigurationName = Release;
		};
/* End XCConfigurationList section */
	};
	rootObject = 1A793511226B746C008FC1C7 /* Project object */;
}
